{
    "name": "@federicoschonborn/prettier-config",
    "version": "0.1.1",
    "lockfileVersion": 2,
    "requires": true,
    "packages": {
        "": {
            "name": "@federicoschonborn/prettier-config",
            "version": "0.1.1",
            "license": "BSD-3-Clause"
        }
    }
}
